
Microsoft Visual Studio Solution File, Format Version 12.00
# Visual Studio Version 16
VisualStudioVersion = 16.0.30204.135
MinimumVisualStudioVersion = 10.0.40219.1
Project("{FAE04EC0-301F-11D3-BF4B-00C04F79EFBC}") = "DefaultCloseWindow", "DefaultCloseWindow\DefaultCloseWindow.csproj", "{B559DCE6-567D-406A-B618-43C8A319E918}"
EndProject
Global
	GlobalSection(SolutionConfigurationPlatforms) = preSolution
		Debug|Any CPU = Debug|Any CPU
		Release|Any CPU = Release|Any CPU
	EndGlobalSection
	GlobalSection(ProjectConfigurationPlatforms) = postSolution
		{B559DCE6-567D-406A-B618-43C8A319E918}.Debug|Any CPU.ActiveCfg = Debug|Any CPU
		{B559DCE6-567D-406A-B618-43C8A319E918}.Debug|Any CPU.Build.0 = Debug|Any CPU
		{B559DCE6-567D-406A-B618-43C8A319E918}.Release|Any CPU.ActiveCfg = Release|Any CPU
		{B559DCE6-567D-406A-B618-43C8A319E918}.Release|Any CPU.Build.0 = Release|Any CPU
	EndGlobalSection
	GlobalSection(SolutionProperties) = preSolution
		HideSolutionNode = FALSE
	EndGlobalSection
	GlobalSection(ExtensibilityGlobals) = postSolution
		SolutionGuid = {DABA2B62-1771-47AF-AD21-FEF11D4FA720}
	EndGlobalSection
EndGlobal
